
Microsoft Visual Studio Solution File, Format Version 12.00
# Visual Studio Version 16
VisualStudioVersion = 16.0.30907.101
MinimumVisualStudioVersion = 10.0.40219.1
Project("{FAE04EC0-301F-11D3-BF4B-00C04F79EFBC}") = "WebAPI", "WebAPI\WebAPI.csproj", "{8BC2DE3B-4226-4A85-A73F-F2D30131DA5E}"
EndProject
Project("{FAE04EC0-301F-11D3-BF4B-00C04F79EFBC}") = "ClientApp", "ClientApp\ClientApp.csproj", "{9AC0B899-CABE-45AE-A8D9-A5D8A5AFDF14}"
EndProject
Global
	GlobalSection(SolutionConfigurationPlatforms) = preSolution
		Debug|Any CPU = Debug|Any CPU
		Release|Any CPU = Release|Any CPU
	EndGlobalSection
	GlobalSection(ProjectConfigurationPlatforms) = postSolution
		{8BC2DE3B-4226-4A85-A73F-F2D30131DA5E}.Debug|Any CPU.ActiveCfg = Debug|Any CPU
		{8BC2DE3B-4226-4A85-A73F-F2D30131DA5E}.Debug|Any CPU.Build.0 = Debug|Any CPU
		{8BC2DE3B-4226-4A85-A73F-F2D30131DA5E}.Release|Any CPU.ActiveCfg = Release|Any CPU
		{8BC2DE3B-4226-4A85-A73F-F2D30131DA5E}.Release|Any CPU.Build.0 = Release|Any CPU
		{9AC0B899-CABE-45AE-A8D9-A5D8A5AFDF14}.Debug|Any CPU.ActiveCfg = Debug|Any CPU
		{9AC0B899-CABE-45AE-A8D9-A5D8A5AFDF14}.Debug|Any CPU.Build.0 = Debug|Any CPU
		{9AC0B899-CABE-45AE-A8D9-A5D8A5AFDF14}.Release|Any CPU.ActiveCfg = Release|Any CPU
		{9AC0B899-CABE-45AE-A8D9-A5D8A5AFDF14}.Release|Any CPU.Build.0 = Release|Any CPU
	EndGlobalSection
	GlobalSection(SolutionProperties) = preSolution
		HideSolutionNode = FALSE
	EndGlobalSection
	GlobalSection(ExtensibilityGlobals) = postSolution
		SolutionGuid = {FEBD79A3-DEDC-48EE-B634-7B750244F17C}
	EndGlobalSection
EndGlobal
